// !$*UTF8*$!
{
	archiveVersion = 1;
	classes = {
	};
	objectVersion = 46;
	objects = {

/* Begin PBXBuildFile section */
		8C47DC91E126C718781BC52B /* libPods-meituandemo.a in Frameworks */ = {isa = PBXBuildFile; fileRef = 7BBAC526FF5256ACF05337A9 /* libPods-meituandemo.a */; };
		F72683FF1CD995DE00FFF74F /* GetUrlString.m in Sources */ = {isa = PBXBuildFile; fileRef = F72683FE1CD995DE00FFF74F /* GetUrlString.m */; };
		F72684021CD99D4D00FFF74F /* NetWork.m in Sources */ = {isa = PBXBuildFile; fileRef = F72684011CD99D4D00FFF74F /* NetWork.m */; };
		F77E54E81CCE23A500E8C9D6 /* main.m in Sources */ = {isa = PBXBuildFile; fileRef = F77E54E71CCE23A500E8C9D6 /* main.m */; };
		F77E54EB1CCE23A600E8C9D6 /* AppDelegate.m in Sources */ = {isa = PBXBuildFile; fileRef = F77E54EA1CCE23A600E8C9D6 /* AppDelegate.m */; };
		F77E54EE1CCE23A600E8C9D6 /* ViewController.m in Sources */ = {isa = PBXBuildFile; fileRef = F77E54ED1CCE23A600E8C9D6 /* ViewController.m */; };
		F77E54F11CCE23A600E8C9D6 /* Main.storyboard in Resources */ = {isa = PBXBuildFile; fileRef = F77E54EF1CCE23A600E8C9D6 /* Main.storyboard */; };
		F77E54F31CCE23A600E8C9D6 /* Assets.xcassets in Resources */ = {isa = PBXBuildFile; fileRef = F77E54F21CCE23A600E8C9D6 /* Assets.xcassets */; };
		F77E54F61CCE23A600E8C9D6 /* LaunchScreen.storyboard in Resources */ = {isa = PBXBuildFile; fileRef = F77E54F41CCE23A600E8C9D6 /* LaunchScreen.storyboard */; };
		F77E55011CCE23A600E8C9D6 /* meituandemoTests.m in Sources */ = {isa = PBXBuildFile; fileRef = F77E55001CCE23A600E8C9D6 /* meituandemoTests.m */; };
		F77E550C1CCE23A600E8C9D6 /* meituandemoUITests.m in Sources */ = {isa = PBXBuildFile; fileRef = F77E550B1CCE23A600E8C9D6 /* meituandemoUITests.m */; };
		F7C5D48E1CDC3EA000047CD3 /* MTTabBarViewController.m in Sources */ = {isa = PBXBuildFile; fileRef = F7C5D48D1CDC3EA000047CD3 /* MTTabBarViewController.m */; };
		F7C5D4931CDC3F7A00047CD3 /* MTTabBarView.m in Sources */ = {isa = PBXBuildFile; fileRef = F7C5D4921CDC3F7A00047CD3 /* MTTabBarView.m */; };
		F7C5D4961CDC436400047CD3 /* MTTabBarButton.m in Sources */ = {isa = PBXBuildFile; fileRef = F7C5D4951CDC436400047CD3 /* MTTabBarButton.m */; };
/* End PBXBuildFile section */

/* Begin PBXContainerItemProxy section */
		F77E54FD1CCE23A600E8C9D6 /* PBXContainerItemProxy */ = {
			isa = PBXContainerItemProxy;
			containerPortal = F77E54DB1CCE23A500E8C9D6 /* Project object */;
			proxyType = 1;
			remoteGlobalIDString = F77E54E21CCE23A500E8C9D6;
			remoteInfo = meituandemo;
		};
		F77E55081CCE23A600E8C9D6 /* PBXContainerItemProxy */ = {
			isa = PBXContainerItemProxy;
			containerPortal = F77E54DB1CCE23A500E8C9D6 /* Project object */;
			proxyType = 1;
			remoteGlobalIDString = F77E54E21CCE23A500E8C9D6;
			remoteInfo = meituandemo;
		};
/* End PBXContainerItemProxy section */

/* Begin PBXFileReference section */
		7BBAC526FF5256ACF05337A9 /* libPods-meituandemo.a */ = {isa = PBXFileReference; explicitFileType = archive.ar; includeInIndex = 0; path = "libPods-meituandemo.a"; sourceTree = BUILT_PRODUCTS_DIR; };
		A6BF2D6AF3C305714E3FA806 /* Pods-meituandemo.release.xcconfig */ = {isa = PBXFileReference; includeInIndex = 1; lastKnownFileType = text.xcconfig; name = "Pods-meituandemo.release.xcconfig"; path = "Pods/Target Support Files/Pods-meituandemo/Pods-meituandemo.release.xcconfig"; sourceTree = "<group>"; };
		C344B3BDA2B5ACFD3810D1A0 /* Pods-meituandemo.debug.xcconfig */ = {isa = PBXFileReference; includeInIndex = 1; lastKnownFileType = text.xcconfig; name = "Pods-meituandemo.debug.xcconfig"; path = "Pods/Target Support Files/Pods-meituandemo/Pods-meituandemo.debug.xcconfig"; sourceTree = "<group>"; };
		F72683FD1CD995DE00FFF74F /* GetUrlString.h */ = {isa = PBXFileReference; fileEncoding = 4; lastKnownFileType = sourcecode.c.h; path = GetUrlString.h; sourceTree = "<group>"; };
		F72683FE1CD995DE00FFF74F /* GetUrlString.m */ = {isa = PBXFileReference; fileEncoding = 4; lastKnownFileType = sourcecode.c.objc; path = GetUrlString.m; sourceTree = "<group>"; };
		F72684001CD99D4D00FFF74F /* NetWork.h */ = {isa = PBXFileReference; fileEncoding = 4; lastKnownFileType = sourcecode.c.h; path = NetWork.h; sourceTree = "<group>"; };
		F72684011CD99D4D00FFF74F /* NetWork.m */ = {isa = PBXFileReference; fileEncoding = 4; lastKnownFileType = sourcecode.c.objc; path = NetWork.m; sourceTree = "<group>"; };
		F77E54E31CCE23A500E8C9D6 /* meituandemo.app */ = {isa = PBXFileReference; explicitFileType = wrapper.application; includeInIndex = 0; path = meituandemo.app; sourceTree = BUILT_PRODUCTS_DIR; };
		F77E54E71CCE23A500E8C9D6 /* main.m */ = {isa = PBXFileReference; lastKnownFileType = sourcecode.c.objc; path = main.m; sourceTree = "<group>"; };
		F77E54E91CCE23A600E8C9D6 /* AppDelegate.h */ = {isa = PBXFileReference; lastKnownFileType = sourcecode.c.h; path = AppDelegate.h; sourceTree = "<group>"; };
		F77E54EA1CCE23A600E8C9D6 /* AppDelegate.m */ = {isa = PBXFileReference; lastKnownFileType = sourcecode.c.objc; path = AppDelegate.m; sourceTree = "<group>"; };
		F77E54EC1CCE23A600E8C9D6 /* ViewController.h */ = {isa = PBXFileReference; lastKnownFileType = sourcecode.c.h; path = ViewController.h; sourceTree = "<group>"; };
		F77E54ED1CCE23A600E8C9D6 /* ViewController.m */ = {isa = PBXFileReference; lastKnownFileType = sourcecode.c.objc; path = ViewController.m; sourceTree = "<group>"; };
		F77E54F01CCE23A600E8C9D6 /* Base */ = {isa = PBXFileReference; lastKnownFileType = file.storyboard; name = Base; path = Base.lproj/Main.storyboard; sourceTree = "<group>"; };
		F77E54F21CCE23A600E8C9D6 /* Assets.xcassets */ = {isa = PBXFileReference; lastKnownFileType = folder.assetcatalog; path = Assets.xcassets; sourceTree = "<group>"; };
		F77E54F51CCE23A600E8C9D6 /* Base */ = {isa = PBXFileReference; lastKnownFileType = file.storyboard; name = Base; path = Base.lproj/LaunchScreen.storyboard; sourceTree = "<group>"; };
		F77E54F71CCE23A600E8C9D6 /* Info.plist */ = {isa = PBXFileReference; lastKnownFileType = text.plist.xml; path = Info.plist; sourceTree = "<group>"; };
		F77E54FC1CCE23A600E8C9D6 /* meituandemoTests.xctest */ = {isa = PBXFileReference; explicitFileType = wrapper.cfbundle; includeInIndex = 0; path = meituandemoTests.xctest; sourceTree = BUILT_PRODUCTS_DIR; };
		F77E55001CCE23A600E8C9D6 /* meituandemoTests.m */ = {isa = PBXFileReference; lastKnownFileType = sourcecode.c.objc; path = meituandemoTests.m; sourceTree = "<group>"; };
		F77E55021CCE23A600E8C9D6 /* Info.plist */ = {isa = PBXFileReference; lastKnownFileType = text.plist.xml; path = Info.plist; sourceTree = "<group>"; };
		F77E55071CCE23A600E8C9D6 /* meituandemoUITests.xctest */ = {isa = PBXFileReference; explicitFileType = wrapper.cfbundle; includeInIndex = 0; path = meituandemoUITests.xctest; sourceTree = BUILT_PRODUCTS_DIR; };
		F77E550B1CCE23A600E8C9D6 /* meituandemoUITests.m */ = {isa = PBXFileReference; lastKnownFileType = sourcecode.c.objc; path = meituandemoUITests.m; sourceTree = "<group>"; };
		F77E550D1CCE23A600E8C9D6 /* Info.plist */ = {isa = PBXFileReference; lastKnownFileType = text.plist.xml; path = Info.plist; sourceTree = "<group>"; };
		F7C5D48C1CDC3EA000047CD3 /* MTTabBarViewController.h */ = {isa = PBXFileReference; fileEncoding = 4; lastKnownFileType = sourcecode.c.h; path = MTTabBarViewController.h; sourceTree = "<group>"; };
		F7C5D48D1CDC3EA000047CD3 /* MTTabBarViewController.m */ = {isa = PBXFileReference; fileEncoding = 4; lastKnownFileType = sourcecode.c.objc; path = MTTabBarViewController.m; sourceTree = "<group>"; };
		F7C5D4911CDC3F7A00047CD3 /* MTTabBarView.h */ = {isa = PBXFileReference; fileEncoding = 4; lastKnownFileType = sourcecode.c.h; path = MTTabBarView.h; sourceTree = "<group>"; };
		F7C5D4921CDC3F7A00047CD3 /* MTTabBarView.m */ = {isa = PBXFileReference; fileEncoding = 4; lastKnownFileType = sourcecode.c.objc; path = MTTabBarView.m; sourceTree = "<group>"; };
		F7C5D4941CDC436400047CD3 /* MTTabBarButton.h */ = {isa = PBXFileReference; fileEncoding = 4; lastKnownFileType = sourcecode.c.h; path = MTTabBarButton.h; sourceTree = "<group>"; };
		F7C5D4951CDC436400047CD3 /* MTTabBarButton.m */ = {isa = PBXFileReference; fileEncoding = 4; lastKnownFileType = sourcecode.c.objc; path = MTTabBarButton.m; sourceTree = "<group>"; };
		F7C5D4971CDC48AE00047CD3 /* PrefixHeader.pch */ = {isa = PBXFileReference; fileEncoding = 4; lastKnownFileType = sourcecode.c.h; path = PrefixHeader.pch; sourceTree = "<group>"; };
/* End PBXFileReference section */

/* Begin PBXFrameworksBuildPhase section */
		F77E54E01CCE23A500E8C9D6 /* Frameworks */ = {
			isa = PBXFrameworksBuildPhase;
			buildActionMask = 2147483647;
			files = (
				8C47DC91E126C718781BC52B /* libPods-meituandemo.a in Frameworks */,
			);
			runOnlyForDeploymentPostprocessing = 0;
		};
		F77E54F91CCE23A600E8C9D6 /* Frameworks */ = {
			isa = PBXFrameworksBuildPhase;
			buildActionMask = 2147483647;
			files = (
			);
			runOnlyForDeploymentPostprocessing = 0;
		};
		F77E55041CCE23A600E8C9D6 /* Frameworks */ = {
			isa = PBXFrameworksBuildPhase;
			buildActionMask = 2147483647;
			files = (
			);
			runOnlyForDeploymentPostprocessing = 0;
		};
/* End PBXFrameworksBuildPhase section */

/* Begin PBXGroup section */
		7EEA32D147F1099802B8C915 /* Pods */ = {
			isa = PBXGroup;
			children = (
				C344B3BDA2B5ACFD3810D1A0 /* Pods-meituandemo.debug.xcconfig */,
				A6BF2D6AF3C305714E3FA806 /* Pods-meituandemo.release.xcconfig */,
			);
			name = Pods;
			sourceTree = "<group>";
		};
		B8B8409E758C0F38A01D993D /* Frameworks */ = {
			isa = PBXGroup;
			children = (
				7BBAC526FF5256ACF05337A9 /* libPods-meituandemo.a */,
			);
			name = Frameworks;
			sourceTree = "<group>";
		};
		F72683FC1CD995A300FFF74F /* ToolClass */ = {
			isa = PBXGroup;
			children = (
				F72683FD1CD995DE00FFF74F /* GetUrlString.h */,
				F72683FE1CD995DE00FFF74F /* GetUrlString.m */,
				F72684001CD99D4D00FFF74F /* NetWork.h */,
				F72684011CD99D4D00FFF74F /* NetWork.m */,
			);
			name = ToolClass;
			path = meituandemo;
			sourceTree = "<group>";
		};
		F77E54DA1CCE23A500E8C9D6 = {
			isa = PBXGroup;
			children = (
				F72683FC1CD995A300FFF74F /* ToolClass */,
				F77E54E51CCE23A500E8C9D6 /* meituandemo */,
				F77E54FF1CCE23A600E8C9D6 /* meituandemoTests */,
				F77E550A1CCE23A600E8C9D6 /* meituandemoUITests */,
				F77E54E41CCE23A500E8C9D6 /* Products */,
				7EEA32D147F1099802B8C915 /* Pods */,
				B8B8409E758C0F38A01D993D /* Frameworks */,
			);
			sourceTree = "<group>";
		};
		F77E54E41CCE23A500E8C9D6 /* Products */ = {
			isa = PBXGroup;
			children = (
				F77E54E31CCE23A500E8C9D6 /* meituandemo.app */,
				F77E54FC1CCE23A600E8C9D6 /* meituandemoTests.xctest */,
				F77E55071CCE23A600E8C9D6 /* meituandemoUITests.xctest */,
			);
			name = Products;
			sourceTree = "<group>";
		};
		F77E54E51CCE23A500E8C9D6 /* meituandemo */ = {
			isa = PBXGroup;
			children = (
				F7C5D48B1CDC399600047CD3 /* Home */,
				F77E54E91CCE23A600E8C9D6 /* AppDelegate.h */,
				F77E54EA1CCE23A600E8C9D6 /* AppDelegate.m */,
				F77E54EC1CCE23A600E8C9D6 /* ViewController.h */,
				F77E54ED1CCE23A600E8C9D6 /* ViewController.m */,
				F77E54EF1CCE23A600E8C9D6 /* Main.storyboard */,
				F77E54F21CCE23A600E8C9D6 /* Assets.xcassets */,
				F77E54F41CCE23A600E8C9D6 /* LaunchScreen.storyboard */,
				F77E54F71CCE23A600E8C9D6 /* Info.plist */,
				F77E54E61CCE23A500E8C9D6 /* Supporting Files */,
			);
			path = meituandemo;
			sourceTree = "<group>";
		};
		F77E54E61CCE23A500E8C9D6 /* Supporting Files */ = {
			isa = PBXGroup;
			children = (
				F77E54E71CCE23A500E8C9D6 /* main.m */,
				F7C5D4971CDC48AE00047CD3 /* PrefixHeader.pch */,
			);
			name = "Supporting Files";
			sourceTree = "<group>";
		};
		F77E54FF1CCE23A600E8C9D6 /* meituandemoTests */ = {
			isa = PBXGroup;
			children = (
				F77E55001CCE23A600E8C9D6 /* meituandemoTests.m */,
				F77E55021CCE23A600E8C9D6 /* Info.plist */,
			);
			path = meituandemoTests;
			sourceTree = "<group>";
		};
		F77E550A1CCE23A600E8C9D6 /* meituandemoUITests */ = {
			isa = PBXGroup;
			children = (
				F77E550B1CCE23A600E8C9D6 /* meituandemoUITests.m */,
				F77E550D1CCE23A600E8C9D6 /* Info.plist */,
			);
			path = meituandemoUITests;
			sourceTree = "<group>";
		};
		F7C5D48B1CDC399600047CD3 /* Home */ = {
			isa = PBXGroup;
			children = (
				F7C5D4901CDC3F2D00047CD3 /* View */,
				F7C5D48F1CDC3EF000047CD3 /* Controller */,
			);
			name = Home;
			sourceTree = "<group>";
		};
		F7C5D48F1CDC3EF000047CD3 /* Controller */ = {
			isa = PBXGroup;
			children = (
				F7C5D48C1CDC3EA000047CD3 /* MTTabBarViewController.h */,
				F7C5D48D1CDC3EA000047CD3 /* MTTabBarViewController.m */,
			);
			name = Controller;
			sourceTree = "<group>";
		};
		F7C5D4901CDC3F2D00047CD3 /* View */ = {
			isa = PBXGroup;
			children = (
				F7C5D4911CDC3F7A00047CD3 /* MTTabBarView.h */,
				F7C5D4921CDC3F7A00047CD3 /* MTTabBarView.m */,
				F7C5D4941CDC436400047CD3 /* MTTabBarButton.h */,
				F7C5D4951CDC436400047CD3 /* MTTabBarButton.m */,
			);
			name = View;
			sourceTree = "<group>";
		};
/* End PBXGroup section */

/* Begin PBXNativeTarget section */
		F77E54E21CCE23A500E8C9D6 /* meituandemo */ = {
			isa = PBXNativeTarget;
			buildConfigurationList = F77E55101CCE23A600E8C9D6 /* Build configuration list for PBXNativeTarget "meituandemo" */;
			buildPhases = (
				03C8A4396EA1684B8B866CAD /* 📦 Check Pods Manifest.lock */,
				F77E54DF1CCE23A500E8C9D6 /* Sources */,
				F77E54E01CCE23A500E8C9D6 /* Frameworks */,
				F77E54E11CCE23A500E8C9D6 /* Resources */,
				0700E851FAC9391C9A232B88 /* 📦 Embed Pods Frameworks */,
				AC52E92A88057F582D110FE2 /* 📦 Copy Pods Resources */,
			);
			buildRules = (
			);
			dependencies = (
			);
			name = meituandemo;
			productName = meituandemo;
			productReference = F77E54E31CCE23A500E8C9D6 /* meituandemo.app */;
			productType = "com.apple.product-type.application";
		};
		F77E54FB1CCE23A600E8C9D6 /* meituandemoTests */ = {
			isa = PBXNativeTarget;
			buildConfigurationList = F77E55131CCE23A600E8C9D6 /* Build configuration list for PBXNativeTarget "meituandemoTests" */;
			buildPhases = (
				F77E54F81CCE23A600E8C9D6 /* Sources */,
				F77E54F91CCE23A600E8C9D6 /* Frameworks */,
				F77E54FA1CCE23A600E8C9D6 /* Resources */,
			);
			buildRules = (
			);
			dependencies = (
				F77E54FE1CCE23A600E8C9D6 /* PBXTargetDependency */,
			);
			name = meituandemoTests;
			productName = meituandemoTests;
			productReference = F77E54FC1CCE23A600E8C9D6 /* meituandemoTests.xctest */;
			productType = "com.apple.product-type.bundle.unit-test";
		};
		F77E55061CCE23A600E8C9D6 /* meituandemoUITests */ = {
			isa = PBXNativeTarget;
			buildConfigurationList = F77E55161CCE23A600E8C9D6 /* Build configuration list for PBXNativeTarget "meituandemoUITests" */;
			buildPhases = (
				F77E55031CCE23A600E8C9D6 /* Sources */,
				F77E55041CCE23A600E8C9D6 /* Frameworks */,
				F77E55051CCE23A600E8C9D6 /* Resources */,
			);
			buildRules = (
			);
			dependencies = (
				F77E55091CCE23A600E8C9D6 /* PBXTargetDependency */,
			);
			name = meituandemoUITests;
			productName = meituandemoUITests;
			productReference = F77E55071CCE23A600E8C9D6 /* meituandemoUITests.xctest */;
			productType = "com.apple.product-type.bundle.ui-testing";
		};
/* End PBXNativeTarget section */

/* Begin PBXProject section */
		F77E54DB1CCE23A500E8C9D6 /* Project object */ = {
			isa = PBXProject;
			attributes = {
				LastUpgradeCheck = 0710;
				ORGANIZATIONNAME = xh;
				TargetAttributes = {
					F77E54E21CCE23A500E8C9D6 = {
						CreatedOnToolsVersion = 7.1;
					};
					F77E54FB1CCE23A600E8C9D6 = {
						CreatedOnToolsVersion = 7.1;
						TestTargetID = F77E54E21CCE23A500E8C9D6;
					};
					F77E55061CCE23A600E8C9D6 = {
						CreatedOnToolsVersion = 7.1;
						TestTargetID = F77E54E21CCE23A500E8C9D6;
					};
				};
			};
			buildConfigurationList = F77E54DE1CCE23A500E8C9D6 /* Build configuration list for PBXProject "meituandemo" */;
			compatibilityVersion = "Xcode 3.2";
			developmentRegion = English;
			hasScannedForEncodings = 0;
			knownRegions = (
				en,
				Base,
			);
			mainGroup = F77E54DA1CCE23A500E8C9D6;
			productRefGroup = F77E54E41CCE23A500E8C9D6 /* Products */;
			projectDirPath = "";
			projectRoot = "";
			targets = (
				F77E54E21CCE23A500E8C9D6 /* meituandemo */,
				F77E54FB1CCE23A600E8C9D6 /* meituandemoTests */,
				F77E55061CCE23A600E8C9D6 /* meituandemoUITests */,
			);
		};
/* End PBXProject section */

/* Begin PBXResourcesBuildPhase section */
		F77E54E11CCE23A500E8C9D6 /* Resources */ = {
			isa = PBXResourcesBuildPhase;
			buildActionMask = 2147483647;
			files = (
				F77E54F61CCE23A600E8C9D6 /* LaunchScreen.storyboard in Resources */,
				F77E54F31CCE23A600E8C9D6 /* Assets.xcassets in Resources */,
				F77E54F11CCE23A600E8C9D6 /* Main.storyboard in Resources */,
			);
			runOnlyForDeploymentPostprocessing = 0;
		};
		F77E54FA1CCE23A600E8C9D6 /* Resources */ = {
			isa = PBXResourcesBuildPhase;
			buildActionMask = 2147483647;
			files = (
			);
			runOnlyForDeploymentPostprocessing = 0;
		};
		F77E55051CCE23A600E8C9D6 /* Resources */ = {
			isa = PBXResourcesBuildPhase;
			buildActionMask = 2147483647;
			files = (
			);
			runOnlyForDeploymentPostprocessing = 0;
		};
/* End PBXResourcesBuildPhase section */

/* Begin PBXShellScriptBuildPhase section */
		03C8A4396EA1684B8B866CAD /* 📦 Check Pods Manifest.lock */ = {
			isa = PBXShellScriptBuildPhase;
			buildActionMask = 2147483647;
			files = (
			);
			inputPaths = (
			);
			name = "📦 Check Pods Manifest.lock";
			outputPaths = (
			);
			runOnlyForDeploymentPostprocessing = 0;
			shellPath = /bin/sh;
			shellScript = "diff \"${PODS_ROOT}/../Podfile.lock\" \"${PODS_ROOT}/Manifest.lock\" > /dev/null\nif [[ $? != 0 ]] ; then\n    cat << EOM\nerror: The sandbox is not in sync with the Podfile.lock. Run 'pod install' or update your CocoaPods installation.\nEOM\n    exit 1\nfi\n";
			showEnvVarsInLog = 0;
		};
		0700E851FAC9391C9A232B88 /* 📦 Embed Pods Frameworks */ = {
			isa = PBXShellScriptBuildPhase;
			buildActionMask = 2147483647;
			files = (
			);
			inputPaths = (
			);
			name = "📦 Embed Pods Frameworks";
			outputPaths = (
			);
			runOnlyForDeploymentPostprocessing = 0;
			shellPath = /bin/sh;
			shellScript = "\"${SRCROOT}/Pods/Target Support Files/Pods-meituandemo/Pods-meituandemo-frameworks.sh\"\n";
			showEnvVarsInLog = 0;
		};
		AC52E92A88057F582D110FE2 /* 📦 Copy Pods Resources */ = {
			isa = PBXShellScriptBuildPhase;
			buildActionMask = 2147483647;
			files = (
			);
			inputPaths = (
			);
			name = "📦 Copy Pods Resources";
			outputPaths = (
			);
			runOnlyForDeploymentPostprocessing = 0;
			shellPath = /bin/sh;
			shellScript = "\"${SRCROOT}/Pods/Target Support Files/Pods-meituandemo/Pods-meituandemo-resources.sh\"\n";
			showEnvVarsInLog = 0;
		};
/* End PBXShellScriptBuildPhase section */

/* Begin PBXSourcesBuildPhase section */
		F77E54DF1CCE23A500E8C9D6 /* Sources */ = {
			isa = PBXSourcesBuildPhase;
			buildActionMask = 2147483647;
			files = (
				F77E54EE1CCE23A600E8C9D6 /* ViewController.m in Sources */,
				F7C5D48E1CDC3EA000047CD3 /* MTTabBarViewController.m in Sources */,
				F72684021CD99D4D00FFF74F /* NetWork.m in Sources */,
				F77E54EB1CCE23A600E8C9D6 /* AppDelegate.m in Sources */,
				F7C5D4961CDC436400047CD3 /* MTTabBarButton.m in Sources */,
				F77E54E81CCE23A500E8C9D6 /* main.m in Sources */,
				F7C5D4931CDC3F7A00047CD3 /* MTTabBarView.m in Sources */,
				F72683FF1CD995DE00FFF74F /* GetUrlString.m in Sources */,
			);
			runOnlyForDeploymentPostprocessing = 0;
		};
		F77E54F81CCE23A600E8C9D6 /* Sources */ = {
			isa = PBXSourcesBuildPhase;
			buildActionMask = 2147483647;
			files = (
				F77E55011CCE23A600E8C9D6 /* meituandemoTests.m in Sources */,
			);
			runOnlyForDeploymentPostprocessing = 0;
		};
		F77E55031CCE23A600E8C9D6 /* Sources */ = {
			isa = PBXSourcesBuildPhase;
			buildActionMask = 2147483647;
			files = (
				F77E550C1CCE23A600E8C9D6 /* meituandemoUITests.m in Sources */,
			);
			runOnlyForDeploymentPostprocessing = 0;
		};
/* End PBXSourcesBuildPhase section */

/* Begin PBXTargetDependency section */
		F77E54FE1CCE23A600E8C9D6 /* PBXTargetDependency */ = {
			isa = PBXTargetDependency;
			target = F77E54E21CCE23A500E8C9D6 /* meituandemo */;
			targetProxy = F77E54FD1CCE23A600E8C9D6 /* PBXContainerItemProxy */;
		};
		F77E55091CCE23A600E8C9D6 /* PBXTargetDependency */ = {
			isa = PBXTargetDependency;
			target = F77E54E21CCE23A500E8C9D6 /* meituandemo */;
			targetProxy = F77E55081CCE23A600E8C9D6 /* PBXContainerItemProxy */;
		};
/* End PBXTargetDependency section */

/* Begin PBXVariantGroup section */
		F77E54EF1CCE23A600E8C9D6 /* Main.storyboard */ = {
			isa = PBXVariantGroup;
			children = (
				F77E54F01CCE23A600E8C9D6 /* Base */,
			);
			name = Main.storyboard;
			sourceTree = "<group>";
		};
		F77E54F41CCE23A600E8C9D6 /* LaunchScreen.storyboard */ = {
			isa = PBXVariantGroup;
			children = (
				F77E54F51CCE23A600E8C9D6 /* Base */,
			);
			name = LaunchScreen.storyboard;
			sourceTree = "<group>";
		};
/* End PBXVariantGroup section */

/* Begin XCBuildConfiguration section */
		F77E550E1CCE23A600E8C9D6 /* Debug */ = {
			isa = XCBuildConfiguration;
			buildSettings = {
				ALWAYS_SEARCH_USER_PATHS = NO;
				CLANG_CXX_LANGUAGE_STANDARD = "gnu++0x";
				CLANG_CXX_LIBRARY = "libc++";
				CLANG_ENABLE_MODULES = YES;
				CLANG_ENABLE_OBJC_ARC = YES;
				CLANG_WARN_BOOL_CONVERSION = YES;
				CLANG_WARN_CONSTANT_CONVERSION = YES;
				CLANG_WARN_DIRECT_OBJC_ISA_USAGE = YES_ERROR;
				CLANG_WARN_EMPTY_BODY = YES;
				CLANG_WARN_ENUM_CONVERSION = YES;
				CLANG_WARN_INT_CONVERSION = YES;
				CLANG_WARN_OBJC_ROOT_CLASS = YES_ERROR;
				CLANG_WARN_UNREACHABLE_CODE = YES;
				CLANG_WARN__DUPLICATE_METHOD_MATCH = YES;
				"CODE_SIGN_IDENTITY[sdk=iphoneos*]" = "iPhone Developer";
				COPY_PHASE_STRIP = NO;
				DEBUG_INFORMATION_FORMAT = dwarf;
				ENABLE_STRICT_OBJC_MSGSEND = YES;
				ENABLE_TESTABILITY = YES;
				GCC_C_LANGUAGE_STANDARD = gnu99;
				GCC_DYNAMIC_NO_PIC = NO;
				GCC_NO_COMMON_BLOCKS = YES;
				GCC_OPTIMIZATION_LEVEL = 0;
				GCC_PREPROCESSOR_DEFINITIONS = (
					"DEBUG=1",
					"$(inherited)",
				);
				GCC_WARN_64_TO_32_BIT_CONVERSION = YES;
				GCC_WARN_ABOUT_RETURN_TYPE = YES_ERROR;
				GCC_WARN_UNDECLARED_SELECTOR = YES;
				GCC_WARN_UNINITIALIZED_AUTOS = YES_AGGRESSIVE;
				GCC_WARN_UNUSED_FUNCTION = YES;
				GCC_WARN_UNUSED_VARIABLE = YES;
				IPHONEOS_DEPLOYMENT_TARGET = 9.1;
				MTL_ENABLE_DEBUG_INFO = YES;
				ONLY_ACTIVE_ARCH = YES;
				SDKROOT = iphoneos;
			};
			name = Debug;
		};
		F77E550F1CCE23A600E8C9D6 /* Release */ = {
			isa = XCBuildConfiguration;
			buildSettings = {
				ALWAYS_SEARCH_USER_PATHS = NO;
				CLANG_CXX_LANGUAGE_STANDARD = "gnu++0x";
				CLANG_CXX_LIBRARY = "libc++";
				CLANG_ENABLE_MODULES = YES;
				CLANG_ENABLE_OBJC_ARC = YES;
				CLANG_WARN_BOOL_CONVERSION = YES;
				CLANG_WARN_CONSTANT_CONVERSION = YES;
				CLANG_WARN_DIRECT_OBJC_ISA_USAGE = YES_ERROR;
				CLANG_WARN_EMPTY_BODY = YES;
				CLANG_WARN_ENUM_CONVERSION = YES;
				CLANG_WARN_INT_CONVERSION = YES;
				CLANG_WARN_OBJC_ROOT_CLASS = YES_ERROR;
				CLANG_WARN_UNREACHABLE_CODE = YES;
				CLANG_WARN__DUPLICATE_METHOD_MATCH = YES;
				"CODE_SIGN_IDENTITY[sdk=iphoneos*]" = "iPhone Developer";
				COPY_PHASE_STRIP = NO;
				DEBUG_INFORMATION_FORMAT = "dwarf-with-dsym";
				ENABLE_NS_ASSERTIONS = NO;
				ENABLE_STRICT_OBJC_MSGSEND = YES;
				GCC_C_LANGUAGE_STANDARD = gnu99;
				GCC_NO_COMMON_BLOCKS = YES;
				GCC_WARN_64_TO_32_BIT_CONVERSION = YES;
				GCC_WARN_ABOUT_RETURN_TYPE = YES_ERROR;
				GCC_WARN_UNDECLARED_SELECTOR = YES;
				GCC_WARN_UNINITIALIZED_AUTOS = YES_AGGRESSIVE;
				GCC_WARN_UNUSED_FUNCTION = YES;
				GCC_WARN_UNUSED_VARIABLE = YES;
				IPHONEOS_DEPLOYMENT_TARGET = 9.1;
				MTL_ENABLE_DEBUG_INFO = NO;
				SDKROOT = iphoneos;
				VALIDATE_PRODUCT = YES;
			};
			name = Release;
		};
		F77E55111CCE23A600E8C9D6 /* Debug */ = {
			isa = XCBuildConfiguration;
			baseConfigurationReference = C344B3BDA2B5ACFD3810D1A0 /* Pods-meituandemo.debug.xcconfig */;
			buildSettings = {
				ASSETCATALOG_COMPILER_APPICON_NAME = AppIcon;
				CLANG_ENABLE_OBJC_WEAK = YES;
				GCC_PREFIX_HEADER = "$(SRCROOT)/meituandemo/PrefixHeader.pch";
				INFOPLIST_FILE = meituandemo/Info.plist;
				IPHONEOS_DEPLOYMENT_TARGET = 8.2;
				LD_RUNPATH_SEARCH_PATHS = "$(inherited) @executable_path/Frameworks";
				PRODUCT_BUNDLE_IDENTIFIER = winchannel.meituandemo;
				PRODUCT_NAME = "$(TARGET_NAME)";
			};
			name = Debug;
		};
		F77E55121CCE23A600E8C9D6 /* Release */ = {
			isa = XCBuildConfiguration;
			baseConfigurationReference = A6BF2D6AF3C305714E3FA806 /* Pods-meituandemo.release.xcconfig */;
			buildSettings = {
				ASSETCATALOG_COMPILER_APPICON_NAME = AppIcon;
				CLANG_ENABLE_OBJC_WEAK = YES;
				GCC_PREFIX_HEADER = "$(SRCROOT)/meituandemo/PrefixHeader.pch";
				INFOPLIST_FILE = meituandemo/Info.plist;
				IPHONEOS_DEPLOYMENT_TARGET = 8.2;
				LD_RUNPATH_SEARCH_PATHS = "$(inherited) @executable_path/Frameworks";
				PRODUCT_BUNDLE_IDENTIFIER = winchannel.meituandemo;
				PRODUCT_NAME = "$(TARGET_NAME)";
			};
			name = Release;
		};
		F77E55141CCE23A600E8C9D6 /* Debug */ = {
			isa = XCBuildConfiguration;
			buildSettings = {
				BUNDLE_LOADER = "$(TEST_HOST)";
				INFOPLIST_FILE = meituandemoTests/Info.plist;
				LD_RUNPATH_SEARCH_PATHS = "$(inherited) @executable_path/Frameworks @loader_path/Frameworks";
				PRODUCT_BUNDLE_IDENTIFIER = winchannel.meituandemoTests;
				PRODUCT_NAME = "$(TARGET_NAME)";
				TEST_HOST = "$(BUILT_PRODUCTS_DIR)/meituandemo.app/meituandemo";
			};
			name = Debug;
		};
		F77E55151CCE23A600E8C9D6 /* Release */ = {
			isa = XCBuildConfiguration;
			buildSettings = {
				BUNDLE_LOADER = "$(TEST_HOST)";
				INFOPLIST_FILE = meituandemoTests/Info.plist;
				LD_RUNPATH_SEARCH_PATHS = "$(inherited) @executable_path/Frameworks @loader_path/Frameworks";
				PRODUCT_BUNDLE_IDENTIFIER = winchannel.meituandemoTests;
				PRODUCT_NAME = "$(TARGET_NAME)";
				TEST_HOST = "$(BUILT_PRODUCTS_DIR)/meituandemo.app/meituandemo";
			};
			name = Release;
		};
		F77E55171CCE23A600E8C9D6 /* Debug */ = {
			isa = XCBuildConfiguration;
			buildSettings = {
				INFOPLIST_FILE = meituandemoUITests/Info.plist;
				LD_RUNPATH_SEARCH_PATHS = "$(inherited) @executable_path/Frameworks @loader_path/Frameworks";
				PRODUCT_BUNDLE_IDENTIFIER = winchannel.meituandemoUITests;
				PRODUCT_NAME = "$(TARGET_NAME)";
				TEST_TARGET_NAME = meituandemo;
				USES_XCTRUNNER = YES;
			};
			name = Debug;
		};
		F77E55181CCE23A600E8C9D6 /* Release */ = {
			isa = XCBuildConfiguration;
			buildSettings = {
				INFOPLIST_FILE = meituandemoUITests/Info.plist;
				LD_RUNPATH_SEARCH_PATHS = "$(inherited) @executable_path/Frameworks @loader_path/Frameworks";
				PRODUCT_BUNDLE_IDENTIFIER = winchannel.meituandemoUITests;
				PRODUCT_NAME = "$(TARGET_NAME)";
				TEST_TARGET_NAME = meituandemo;
				USES_XCTRUNNER = YES;
			};
			name = Release;
		};
/* End XCBuildConfiguration section */

/* Begin XCConfigurationList section */
		F77E54DE1CCE23A500E8C9D6 /* Build configuration list for PBXProject "meituandemo" */ = {
			isa = XCConfigurationList;
			buildConfigurations = (
				F77E550E1CCE23A600E8C9D6 /* Debug */,
				F77E550F1CCE23A600E8C9D6 /* Release */,
			);
			defaultConfigurationIsVisible = 0;
			defaultConfigurationName = Release;
		};
		F77E55101CCE23A600E8C9D6 /* Build configuration list for PBXNativeTarget "meituandemo" */ = {
			isa = XCConfigurationList;
			buildConfigurations = (
				F77E55111CCE23A600E8C9D6 /* Debug */,
				F77E55121CCE23A600E8C9D6 /* Release */,
			);
			defaultConfigurationIsVisible = 0;
			defaultConfigurationName = Release;
		};
		F77E55131CCE23A600E8C9D6 /* Build configuration list for PBXNativeTarget "meituandemoTests" */ = {
			isa = XCConfigurationList;
			buildConfigurations = (
				F77E55141CCE23A600E8C9D6 /* Debug */,
				F77E55151CCE23A600E8C9D6 /* Release */,
			);
			defaultConfigurationIsVisible = 0;
			defaultConfigurationName = Release;
		};
		F77E55161CCE23A600E8C9D6 /* Build configuration list for PBXNativeTarget "meituandemoUITests" */ = {
			isa = XCConfigurationList;
			buildConfigurations = (
				F77E55171CCE23A600E8C9D6 /* Debug */,
				F77E55181CCE23A600E8C9D6 /* Release */,
			);
			defaultConfigurationIsVisible = 0;
			defaultConfigurationName = Release;
		};
/* End XCConfigurationList section */
	};
	rootObject = F77E54DB1CCE23A500E8C9D6 /* Project object */;
}
